
Microsoft Visual Studio Solution File, Format Version 12.00
# Visual Studio 14
VisualStudioVersion = 14.0.25420.1
MinimumVisualStudioVersion = 10.0.40219.1
Project("{2150E333-8FDC-42A3-9474-1A3956D46DE8}") = "src", "src", "{97613345-E348-47D6-A31C-B907AC575395}"
EndProject
Project("{2150E333-8FDC-42A3-9474-1A3956D46DE8}") = "Solution Items", "Solution Items", "{5B09293F-CBD1-4833-A04E-DF59EFBB5E35}"
	ProjectSection(SolutionItems) = preProject
		global.json = global.json
	EndProjectSection
EndProject
Project("{8BB2217D-0F2D-49D1-97BC-3654ED321F3B}") = "ZenithWebSite", "src\ZenithSociety\ZenithWebSite.xproj", "{8FEDC4B5-096F-4E4D-A85C-1A88F21FA073}"
EndProject
Project("{FAE04EC0-301F-11D3-BF4B-00C04F79EFBC}") = "ZenithClientSite", "ZenithClientSite\ZenithClientSite.csproj", "{A8DC38A9-2065-4132-BF83-26E6231469E2}"
EndProject
Global
	GlobalSection(SolutionConfigurationPlatforms) = preSolution
		Debug|Any CPU = Debug|Any CPU
		Release|Any CPU = Release|Any CPU
	EndGlobalSection
	GlobalSection(ProjectConfigurationPlatforms) = postSolution
		{8FEDC4B5-096F-4E4D-A85C-1A88F21FA073}.Debug|Any CPU.ActiveCfg = Debug|Any CPU
		{8FEDC4B5-096F-4E4D-A85C-1A88F21FA073}.Debug|Any CPU.Build.0 = Debug|Any CPU
		{8FEDC4B5-096F-4E4D-A85C-1A88F21FA073}.Release|Any CPU.ActiveCfg = Release|Any CPU
		{8FEDC4B5-096F-4E4D-A85C-1A88F21FA073}.Release|Any CPU.Build.0 = Release|Any CPU
		{A8DC38A9-2065-4132-BF83-26E6231469E2}.Debug|Any CPU.ActiveCfg = Debug|Any CPU
		{A8DC38A9-2065-4132-BF83-26E6231469E2}.Debug|Any CPU.Build.0 = Debug|Any CPU
		{A8DC38A9-2065-4132-BF83-26E6231469E2}.Release|Any CPU.ActiveCfg = Release|Any CPU
		{A8DC38A9-2065-4132-BF83-26E6231469E2}.Release|Any CPU.Build.0 = Release|Any CPU
	EndGlobalSection
	GlobalSection(SolutionProperties) = preSolution
		HideSolutionNode = FALSE
	EndGlobalSection
	GlobalSection(NestedProjects) = preSolution
		{8FEDC4B5-096F-4E4D-A85C-1A88F21FA073} = {97613345-E348-47D6-A31C-B907AC575395}
		{A8DC38A9-2065-4132-BF83-26E6231469E2} = {97613345-E348-47D6-A31C-B907AC575395}
	EndGlobalSection
EndGlobal
